
Microsoft Visual Studio Solution File, Format Version 12.00
# Visual Studio Version 17
VisualStudioVersion = 17.2.32516.85
MinimumVisualStudioVersion = 10.0.40219.1
Project("{FAE04EC0-301F-11D3-BF4B-00C04F79EFBC}") = "CoffeeShop", "CoffeeShop.csproj", "{61DFDBE1-1E92-47B6-BCDC-9CD3F005271A}"
EndProject
Global
	GlobalSection(SolutionConfigurationPlatforms) = preSolution
		Debug|Any CPU = Debug|Any CPU
		Release|Any CPU = Release|Any CPU
	EndGlobalSection
	GlobalSection(ProjectConfigurationPlatforms) = postSolution
		{61DFDBE1-1E92-47B6-BCDC-9CD3F005271A}.Debug|Any CPU.ActiveCfg = Debug|Any CPU
		{61DFDBE1-1E92-47B6-BCDC-9CD3F005271A}.Debug|Any CPU.Build.0 = Debug|Any CPU
		{61DFDBE1-1E92-47B6-BCDC-9CD3F005271A}.Release|Any CPU.ActiveCfg = Release|Any CPU
		{61DFDBE1-1E92-47B6-BCDC-9CD3F005271A}.Release|Any CPU.Build.0 = Release|Any CPU
	EndGlobalSection
	GlobalSection(SolutionProperties) = preSolution
		HideSolutionNode = FALSE
	EndGlobalSection
	GlobalSection(ExtensibilityGlobals) = postSolution
		SolutionGuid = {63AC5FBC-7EEC-4BD5-B79A-41F84CC94D6F}
	EndGlobalSection
EndGlobal
